
Microsoft Visual Studio Solution File, Format Version 12.00
# Visual Studio Version 17
VisualStudioVersion = 17.3.32929.385
MinimumVisualStudioVersion = 10.0.40219.1
Project("{FAE04EC0-301F-11D3-BF4B-00C04F79EFBC}") = "WpfAppTextBoxMD", "WpfAppTextBoxMD.csproj", "{48722E8D-44EB-407D-818A-462CD4F0C3A0}"
EndProject
Global
	GlobalSection(SolutionConfigurationPlatforms) = preSolution
		Debug|Any CPU = Debug|Any CPU
		Release|Any CPU = Release|Any CPU
	EndGlobalSection
	GlobalSection(ProjectConfigurationPlatforms) = postSolution
		{48722E8D-44EB-407D-818A-462CD4F0C3A0}.Debug|Any CPU.ActiveCfg = Debug|Any CPU
		{48722E8D-44EB-407D-818A-462CD4F0C3A0}.Debug|Any CPU.Build.0 = Debug|Any CPU
		{48722E8D-44EB-407D-818A-462CD4F0C3A0}.Release|Any CPU.ActiveCfg = Release|Any CPU
		{48722E8D-44EB-407D-818A-462CD4F0C3A0}.Release|Any CPU.Build.0 = Release|Any CPU
	EndGlobalSection
	GlobalSection(SolutionProperties) = preSolution
		HideSolutionNode = FALSE
	EndGlobalSection
	GlobalSection(ExtensibilityGlobals) = postSolution
		SolutionGuid = {45124AA1-3F7E-4BF6-86A1-8A34E22D337C}
	EndGlobalSection
EndGlobal
